
Microsoft Visual Studio Solution File, Format Version 12.00
# Visual Studio Version 16
VisualStudioVersion = 16.0.30611.23
MinimumVisualStudioVersion = 10.0.40219.1
Project("{9A19103F-16F7-4668-BE54-9A1E7A4F7556}") = "API", "API\API.csproj", "{2941AFBD-813A-456E-AE0C-5029127E3050}"
EndProject
Project("{9A19103F-16F7-4668-BE54-9A1E7A4F7556}") = "Entity", "Entity\Entity.csproj", "{8B67013E-AC42-4670-B86F-F2F5D8F5DC8A}"
EndProject
Project("{9A19103F-16F7-4668-BE54-9A1E7A4F7556}") = "Application", "Application\Application.csproj", "{DEEE4A52-7B1D-4AE3-B6CD-536EA1D6A4A1}"
EndProject
Project("{9A19103F-16F7-4668-BE54-9A1E7A4F7556}") = "DataAccess", "DataAccess\DataAccess.csproj", "{9DB3615E-2E36-4636-8ED7-04FFBFB792EF}"
EndProject
Project("{FAE04EC0-301F-11D3-BF4B-00C04F79EFBC}") = "Filmes.Domain", "Filmes.Domain\Filmes.Domain.csproj", "{2784B3EA-86D9-41BD-A035-EF53BF525DA6}"
EndProject
Project("{FAE04EC0-301F-11D3-BF4B-00C04F79EFBC}") = "Filmes.Application", "Filmes.Application\Filmes.Application.csproj", "{FB84DF33-84D9-4675-9DFC-462B220D182B}"
EndProject
Project("{FAE04EC0-301F-11D3-BF4B-00C04F79EFBC}") = "Filmes.Infra", "Filmes.Infra\Filmes.Infra.csproj", "{804B6670-E704-45FB-8FF5-CE327FDB922C}"
EndProject
Global
	GlobalSection(SolutionConfigurationPlatforms) = preSolution
		Debug|Any CPU = Debug|Any CPU
		Release|Any CPU = Release|Any CPU
	EndGlobalSection
	GlobalSection(ProjectConfigurationPlatforms) = postSolution
		{2941AFBD-813A-456E-AE0C-5029127E3050}.Debug|Any CPU.ActiveCfg = Debug|Any CPU
		{2941AFBD-813A-456E-AE0C-5029127E3050}.Debug|Any CPU.Build.0 = Debug|Any CPU
		{2941AFBD-813A-456E-AE0C-5029127E3050}.Release|Any CPU.ActiveCfg = Release|Any CPU
		{2941AFBD-813A-456E-AE0C-5029127E3050}.Release|Any CPU.Build.0 = Release|Any CPU
		{8B67013E-AC42-4670-B86F-F2F5D8F5DC8A}.Debug|Any CPU.ActiveCfg = Debug|Any CPU
		{8B67013E-AC42-4670-B86F-F2F5D8F5DC8A}.Debug|Any CPU.Build.0 = Debug|Any CPU
		{8B67013E-AC42-4670-B86F-F2F5D8F5DC8A}.Release|Any CPU.ActiveCfg = Release|Any CPU
		{8B67013E-AC42-4670-B86F-F2F5D8F5DC8A}.Release|Any CPU.Build.0 = Release|Any CPU
		{DEEE4A52-7B1D-4AE3-B6CD-536EA1D6A4A1}.Debug|Any CPU.ActiveCfg = Debug|Any CPU
		{DEEE4A52-7B1D-4AE3-B6CD-536EA1D6A4A1}.Debug|Any CPU.Build.0 = Debug|Any CPU
		{DEEE4A52-7B1D-4AE3-B6CD-536EA1D6A4A1}.Release|Any CPU.ActiveCfg = Release|Any CPU
		{DEEE4A52-7B1D-4AE3-B6CD-536EA1D6A4A1}.Release|Any CPU.Build.0 = Release|Any CPU
		{9DB3615E-2E36-4636-8ED7-04FFBFB792EF}.Debug|Any CPU.ActiveCfg = Debug|Any CPU
		{9DB3615E-2E36-4636-8ED7-04FFBFB792EF}.Debug|Any CPU.Build.0 = Debug|Any CPU
		{9DB3615E-2E36-4636-8ED7-04FFBFB792EF}.Release|Any CPU.ActiveCfg = Release|Any CPU
		{9DB3615E-2E36-4636-8ED7-04FFBFB792EF}.Release|Any CPU.Build.0 = Release|Any CPU
		{2784B3EA-86D9-41BD-A035-EF53BF525DA6}.Debug|Any CPU.ActiveCfg = Debug|Any CPU
		{2784B3EA-86D9-41BD-A035-EF53BF525DA6}.Debug|Any CPU.Build.0 = Debug|Any CPU
		{2784B3EA-86D9-41BD-A035-EF53BF525DA6}.Release|Any CPU.ActiveCfg = Release|Any CPU
		{2784B3EA-86D9-41BD-A035-EF53BF525DA6}.Release|Any CPU.Build.0 = Release|Any CPU
		{FB84DF33-84D9-4675-9DFC-462B220D182B}.Debug|Any CPU.ActiveCfg = Debug|Any CPU
		{FB84DF33-84D9-4675-9DFC-462B220D182B}.Debug|Any CPU.Build.0 = Debug|Any CPU
		{FB84DF33-84D9-4675-9DFC-462B220D182B}.Release|Any CPU.ActiveCfg = Release|Any CPU
		{FB84DF33-84D9-4675-9DFC-462B220D182B}.Release|Any CPU.Build.0 = Release|Any CPU
		{804B6670-E704-45FB-8FF5-CE327FDB922C}.Debug|Any CPU.ActiveCfg = Debug|Any CPU
		{804B6670-E704-45FB-8FF5-CE327FDB922C}.Debug|Any CPU.Build.0 = Debug|Any CPU
		{804B6670-E704-45FB-8FF5-CE327FDB922C}.Release|Any CPU.ActiveCfg = Release|Any CPU
		{804B6670-E704-45FB-8FF5-CE327FDB922C}.Release|Any CPU.Build.0 = Release|Any CPU
	EndGlobalSection
	GlobalSection(SolutionProperties) = preSolution
		HideSolutionNode = FALSE
	EndGlobalSection
	GlobalSection(ExtensibilityGlobals) = postSolution
		SolutionGuid = {8C16DE7C-1FBE-4606-9A1C-D2ADEBACA773}
	EndGlobalSection
EndGlobal
